// !$*UTF8*$!
{
	archiveVersion = 1;
	classes = {
	};
	objectVersion = 46;
	objects = {

/* Begin PBXBuildFile section */
		328835AB1A3F8FFD00108B51 /* keyboard.m in Sources */ = {isa = PBXBuildFile; fileRef = 328835AA1A3F8FFD00108B51 /* keyboard.m */; };
		328CBBC81A3FC0BF0006E448 /* config.m in Sources */ = {isa = PBXBuildFile; fileRef = 328CBBC71A3FC0BF0006E448 /* config.m */; };
		328CBBCA1A3FCD680006E448 /* loadconfig.m in Sources */ = {isa = PBXBuildFile; fileRef = 328CBBC91A3FCD680006E448 /* loadconfig.m */; };
		32C743401A3F8AE100D8F7D2 /* main.m in Sources */ = {isa = PBXBuildFile; fileRef = 32C7433F1A3F8AE100D8F7D2 /* main.m */; };
		32C743471A3F8BA000D8F7D2 /* SDL2.framework in Frameworks */ = {isa = PBXBuildFile; fileRef = 32C743461A3F8BA000D8F7D2 /* SDL2.framework */; };
/* End PBXBuildFile section */

/* Begin PBXCopyFilesBuildPhase section */
		32C7433A1A3F8AE100D8F7D2 /* CopyFiles */ = {
			isa = PBXCopyFilesBuildPhase;
			buildActionMask = 2147483647;
			dstPath = /usr/share/man/man1/;
			dstSubfolderSpec = 0;
			files = (
			);
			runOnlyForDeploymentPostprocessing = 1;
		};
/* End PBXCopyFilesBuildPhase section */

/* Begin PBXFileReference section */
		328835AA1A3F8FFD00108B51 /* keyboard.m */ = {isa = PBXFileReference; fileEncoding = 4; lastKnownFileType = sourcecode.c.objc; path = keyboard.m; sourceTree = "<group>"; };
		328835AC1A3F90E000108B51 /* keyboard.h */ = {isa = PBXFileReference; lastKnownFileType = sourcecode.c.h; path = keyboard.h; sourceTree = "<group>"; };
		328835AD1A3F920700108B51 /* f310.h */ = {isa = PBXFileReference; lastKnownFileType = sourcecode.c.h; path = f310.h; sourceTree = "<group>"; };
		328CBBC51A3FBF160006E448 /* config.h */ = {isa = PBXFileReference; lastKnownFileType = sourcecode.c.h; path = config.h; sourceTree = "<group>"; };
		328CBBC61A3FBFFB0006E448 /* macros.h */ = {isa = PBXFileReference; lastKnownFileType = sourcecode.c.h; path = macros.h; sourceTree = "<group>"; };
		328CBBC71A3FC0BF0006E448 /* config.m */ = {isa = PBXFileReference; fileEncoding = 4; lastKnownFileType = sourcecode.c.objc; path = config.m; sourceTree = "<group>"; };
		328CBBC91A3FCD680006E448 /* loadconfig.m */ = {isa = PBXFileReference; fileEncoding = 4; lastKnownFileType = sourcecode.c.objc; path = loadconfig.m; sourceTree = "<group>"; };
		328CBBCB1A3FCD870006E448 /* loadconfig.h */ = {isa = PBXFileReference; lastKnownFileType = sourcecode.c.h; path = loadconfig.h; sourceTree = "<group>"; };
		32C7433C1A3F8AE100D8F7D2 /* repadder */ = {isa = PBXFileReference; explicitFileType = "compiled.mach-o.executable"; includeInIndex = 0; path = repadder; sourceTree = BUILT_PRODUCTS_DIR; };
		32C7433F1A3F8AE100D8F7D2 /* main.m */ = {isa = PBXFileReference; lastKnownFileType = sourcecode.c.objc; path = main.m; sourceTree = "<group>"; };
		32C743461A3F8BA000D8F7D2 /* SDL2.framework */ = {isa = PBXFileReference; lastKnownFileType = wrapper.framework; name = SDL2.framework; path = ../../../../../../Library/Frameworks/SDL2.framework; sourceTree = "<group>"; };
/* End PBXFileReference section */

/* Begin PBXFrameworksBuildPhase section */
		32C743391A3F8AE100D8F7D2 /* Frameworks */ = {
			isa = PBXFrameworksBuildPhase;
			buildActionMask = 2147483647;
			files = (
				32C743471A3F8BA000D8F7D2 /* SDL2.framework in Frameworks */,
			);
			runOnlyForDeploymentPostprocessing = 0;
		};
/* End PBXFrameworksBuildPhase section */

/* Begin PBXGroup section */
		32C743331A3F8AE100D8F7D2 = {
			isa = PBXGroup;
			children = (
				32C743461A3F8BA000D8F7D2 /* SDL2.framework */,
				32C7433E1A3F8AE100D8F7D2 /* repadder */,
				32C7433D1A3F8AE100D8F7D2 /* Products */,
			);
			sourceTree = "<group>";
		};
		32C7433D1A3F8AE100D8F7D2 /* Products */ = {
			isa = PBXGroup;
			children = (
				32C7433C1A3F8AE100D8F7D2 /* repadder */,
			);
			name = Products;
			sourceTree = "<group>";
		};
		32C7433E1A3F8AE100D8F7D2 /* repadder */ = {
			isa = PBXGroup;
			children = (
				32C7433F1A3F8AE100D8F7D2 /* main.m */,
				328835AA1A3F8FFD00108B51 /* keyboard.m */,
				328835AC1A3F90E000108B51 /* keyboard.h */,
				328835AD1A3F920700108B51 /* f310.h */,
				328CBBC51A3FBF160006E448 /* config.h */,
				328CBBC61A3FBFFB0006E448 /* macros.h */,
				328CBBC71A3FC0BF0006E448 /* config.m */,
				328CBBC91A3FCD680006E448 /* loadconfig.m */,
				328CBBCB1A3FCD870006E448 /* loadconfig.h */,
			);
			path = repadder;
			sourceTree = "<group>";
		};
/* End PBXGroup section */

/* Begin PBXNativeTarget section */
		32C7433B1A3F8AE100D8F7D2 /* repadder */ = {
			isa = PBXNativeTarget;
			buildConfigurationList = 32C743431A3F8AE100D8F7D2 /* Build configuration list for PBXNativeTarget "repadder" */;
			buildPhases = (
				32C743381A3F8AE100D8F7D2 /* Sources */,
				32C743391A3F8AE100D8F7D2 /* Frameworks */,
				32C7433A1A3F8AE100D8F7D2 /* CopyFiles */,
			);
			buildRules = (
			);
			dependencies = (
			);
			name = repadder;
			productName = repadder;
			productReference = 32C7433C1A3F8AE100D8F7D2 /* repadder */;
			productType = "com.apple.product-type.tool";
		};
/* End PBXNativeTarget section */

/* Begin PBXProject section */
		32C743341A3F8AE100D8F7D2 /* Project object */ = {
			isa = PBXProject;
			attributes = {
				LastUpgradeCheck = 0610;
				ORGANIZATIONNAME = "Cerek Hillen";
				TargetAttributes = {
					32C7433B1A3F8AE100D8F7D2 = {
						CreatedOnToolsVersion = 6.1.1;
					};
				};
			};
			buildConfigurationList = 32C743371A3F8AE100D8F7D2 /* Build configuration list for PBXProject "repadder" */;
			compatibilityVersion = "Xcode 3.2";
			developmentRegion = English;
			hasScannedForEncodings = 0;
			knownRegions = (
				en,
			);
			mainGroup = 32C743331A3F8AE100D8F7D2;
			productRefGroup = 32C7433D1A3F8AE100D8F7D2 /* Products */;
			projectDirPath = "";
			projectRoot = "";
			targets = (
				32C7433B1A3F8AE100D8F7D2 /* repadder */,
			);
		};
/* End PBXProject section */

/* Begin PBXSourcesBuildPhase section */
		32C743381A3F8AE100D8F7D2 /* Sources */ = {
			isa = PBXSourcesBuildPhase;
			buildActionMask = 2147483647;
			files = (
				328CBBC81A3FC0BF0006E448 /* config.m in Sources */,
				328CBBCA1A3FCD680006E448 /* loadconfig.m in Sources */,
				328835AB1A3F8FFD00108B51 /* keyboard.m in Sources */,
				32C743401A3F8AE100D8F7D2 /* main.m in Sources */,
			);
			runOnlyForDeploymentPostprocessing = 0;
		};
/* End PBXSourcesBuildPhase section */

/* Begin XCBuildConfiguration section */
		32C743411A3F8AE100D8F7D2 /* Debug */ = {
			isa = XCBuildConfiguration;
			buildSettings = {
				ALWAYS_SEARCH_USER_PATHS = NO;
				CLANG_CXX_LANGUAGE_STANDARD = "gnu++0x";
				CLANG_CXX_LIBRARY = "libc++";
				CLANG_ENABLE_MODULES = YES;
				CLANG_ENABLE_OBJC_ARC = YES;
				CLANG_WARN_BOOL_CONVERSION = YES;
				CLANG_WARN_CONSTANT_CONVERSION = YES;
				CLANG_WARN_DIRECT_OBJC_ISA_USAGE = YES_ERROR;
				CLANG_WARN_EMPTY_BODY = YES;
				CLANG_WARN_ENUM_CONVERSION = YES;
				CLANG_WARN_INT_CONVERSION = YES;
				CLANG_WARN_OBJC_ROOT_CLASS = YES_ERROR;
				CLANG_WARN_UNREACHABLE_CODE = YES;
				CLANG_WARN__DUPLICATE_METHOD_MATCH = YES;
				COPY_PHASE_STRIP = NO;
				ENABLE_STRICT_OBJC_MSGSEND = YES;
				GCC_C_LANGUAGE_STANDARD = gnu99;
				GCC_DYNAMIC_NO_PIC = NO;
				GCC_OPTIMIZATION_LEVEL = 0;
				GCC_PREPROCESSOR_DEFINITIONS = (
					"DEBUG=1",
					"$(inherited)",
				);
				GCC_SYMBOLS_PRIVATE_EXTERN = NO;
				GCC_WARN_64_TO_32_BIT_CONVERSION = YES;
				GCC_WARN_ABOUT_RETURN_TYPE = YES_ERROR;
				GCC_WARN_UNDECLARED_SELECTOR = YES;
				GCC_WARN_UNINITIALIZED_AUTOS = YES_AGGRESSIVE;
				GCC_WARN_UNUSED_FUNCTION = YES;
				GCC_WARN_UNUSED_VARIABLE = YES;
				MACOSX_DEPLOYMENT_TARGET = 10.10;
				MTL_ENABLE_DEBUG_INFO = YES;
				ONLY_ACTIVE_ARCH = YES;
				SDKROOT = macosx;
			};
			name = Debug;
		};
		32C743421A3F8AE100D8F7D2 /* Release */ = {
			isa = XCBuildConfiguration;
			buildSettings = {
				ALWAYS_SEARCH_USER_PATHS = NO;
				CLANG_CXX_LANGUAGE_STANDARD = "gnu++0x";
				CLANG_CXX_LIBRARY = "libc++";
				CLANG_ENABLE_MODULES = YES;
				CLANG_ENABLE_OBJC_ARC = YES;
				CLANG_WARN_BOOL_CONVERSION = YES;
				CLANG_WARN_CONSTANT_CONVERSION = YES;
				CLANG_WARN_DIRECT_OBJC_ISA_USAGE = YES_ERROR;
				CLANG_WARN_EMPTY_BODY = YES;
				CLANG_WARN_ENUM_CONVERSION = YES;
				CLANG_WARN_INT_CONVERSION = YES;
				CLANG_WARN_OBJC_ROOT_CLASS = YES_ERROR;
				CLANG_WARN_UNREACHABLE_CODE = YES;
				CLANG_WARN__DUPLICATE_METHOD_MATCH = YES;
				COPY_PHASE_STRIP = YES;
				DEBUG_INFORMATION_FORMAT = "dwarf-with-dsym";
				ENABLE_NS_ASSERTIONS = NO;
				ENABLE_STRICT_OBJC_MSGSEND = YES;
				GCC_C_LANGUAGE_STANDARD = gnu99;
				GCC_WARN_64_TO_32_BIT_CONVERSION = YES;
				GCC_WARN_ABOUT_RETURN_TYPE = YES_ERROR;
				GCC_WARN_UNDECLARED_SELECTOR = YES;
				GCC_WARN_UNINITIALIZED_AUTOS = YES_AGGRESSIVE;
				GCC_WARN_UNUSED_FUNCTION = YES;
				GCC_WARN_UNUSED_VARIABLE = YES;
				MACOSX_DEPLOYMENT_TARGET = 10.10;
				MTL_ENABLE_DEBUG_INFO = NO;
				SDKROOT = macosx;
			};
			name = Release;
		};
		32C743441A3F8AE100D8F7D2 /* Debug */ = {
			isa = XCBuildConfiguration;
			buildSettings = {
				FRAMEWORK_SEARCH_PATHS = (
					"$(inherited)",
					"$(LOCAL_LIBRARY_DIR)/Frameworks",
				);
				PRODUCT_NAME = "$(TARGET_NAME)";
			};
			name = Debug;
		};
		32C743451A3F8AE100D8F7D2 /* Release */ = {
			isa = XCBuildConfiguration;
			buildSettings = {
				FRAMEWORK_SEARCH_PATHS = (
					"$(inherited)",
					"$(LOCAL_LIBRARY_DIR)/Frameworks",
				);
				PRODUCT_NAME = "$(TARGET_NAME)";
			};
			name = Release;
		};
/* End XCBuildConfiguration section */

/* Begin XCConfigurationList section */
		32C743371A3F8AE100D8F7D2 /* Build configuration list for PBXProject "repadder" */ = {
			isa = XCConfigurationList;
			buildConfigurations = (
				32C743411A3F8AE100D8F7D2 /* Debug */,
				32C743421A3F8AE100D8F7D2 /* Release */,
			);
			defaultConfigurationIsVisible = 0;
			defaultConfigurationName = Release;
		};
		32C743431A3F8AE100D8F7D2 /* Build configuration list for PBXNativeTarget "repadder" */ = {
			isa = XCConfigurationList;
			buildConfigurations = (
				32C743441A3F8AE100D8F7D2 /* Debug */,
				32C743451A3F8AE100D8F7D2 /* Release */,
			);
			defaultConfigurationIsVisible = 0;
			defaultConfigurationName = Release;
		};
/* End XCConfigurationList section */
	};
	rootObject = 32C743341A3F8AE100D8F7D2 /* Project object */;
}
